// !$*UTF8*$!
{
	archiveVersion = 1;
	classes = {
	};
	objectVersion = 55;
	objects = {

/* Begin PBXBuildFile section */
		1E3D4B1928BF281D008945B0 /* RoundPaddingButton.swift in Sources */ = {isa = PBXBuildFile; fileRef = 1E3D4B1828BF281D008945B0 /* RoundPaddingButton.swift */; };
		1E3D4B1B28BF3760008945B0 /* HeaderBindable.swift in Sources */ = {isa = PBXBuildFile; fileRef = 1E3D4B1A28BF3760008945B0 /* HeaderBindable.swift */; };
		1E3D4B1D28BF376A008945B0 /* FooterBindable.swift in Sources */ = {isa = PBXBuildFile; fileRef = 1E3D4B1C28BF376A008945B0 /* FooterBindable.swift */; };
		1E3D4B1F28BF3EF9008945B0 /* HeaderUsable.swift in Sources */ = {isa = PBXBuildFile; fileRef = 1E3D4B1E28BF3EF9008945B0 /* HeaderUsable.swift */; };
		1E3D4B2128BF3F03008945B0 /* FooterUsable.swift in Sources */ = {isa = PBXBuildFile; fileRef = 1E3D4B2028BF3F03008945B0 /* FooterUsable.swift */; };
		1E3D4B2328BF47A0008945B0 /* PageCountViewBindable.swift in Sources */ = {isa = PBXBuildFile; fileRef = 1E3D4B2228BF47A0008945B0 /* PageCountViewBindable.swift */; };
		1E3D4B3128C4EC35008945B0 /* JSONconverter.swift in Sources */ = {isa = PBXBuildFile; fileRef = 1E3D4B3028C4EC35008945B0 /* JSONconverter.swift */; };
		1E677F3D287FF75A00C822EE /* AppDelegate.swift in Sources */ = {isa = PBXBuildFile; fileRef = 1E677F3C287FF75A00C822EE /* AppDelegate.swift */; };
		1E677F3F287FF75A00C822EE /* SceneDelegate.swift in Sources */ = {isa = PBXBuildFile; fileRef = 1E677F3E287FF75A00C822EE /* SceneDelegate.swift */; };
		1E677F41287FF75A00C822EE /* MainViewController.swift in Sources */ = {isa = PBXBuildFile; fileRef = 1E677F40287FF75A00C822EE /* MainViewController.swift */; };
		1E677F46287FF75B00C822EE /* Assets.xcassets in Resources */ = {isa = PBXBuildFile; fileRef = 1E677F45287FF75B00C822EE /* Assets.xcassets */; };
		1E677F49287FF75B00C822EE /* LaunchScreen.storyboard in Resources */ = {isa = PBXBuildFile; fileRef = 1E677F47287FF75B00C822EE /* LaunchScreen.storyboard */; };
		1E677F54287FF75B00C822EE /* MusinsaAssignmentAppTests.swift in Sources */ = {isa = PBXBuildFile; fileRef = 1E677F53287FF75B00C822EE /* MusinsaAssignmentAppTests.swift */; };
		1E677F5E287FF75B00C822EE /* MusinsaAssignmentAppUITests.swift in Sources */ = {isa = PBXBuildFile; fileRef = 1E677F5D287FF75B00C822EE /* MusinsaAssignmentAppUITests.swift */; };
		1E677F60287FF75B00C822EE /* MusinsaAssignmentAppUITestsLaunchTests.swift in Sources */ = {isa = PBXBuildFile; fileRef = 1E677F5F287FF75B00C822EE /* MusinsaAssignmentAppUITestsLaunchTests.swift */; };
		1E677F71287FF8ED00C822EE /* Observable.swift in Sources */ = {isa = PBXBuildFile; fileRef = 1E677F70287FF8ED00C822EE /* Observable.swift */; };
		1E677F7628804B2C00C822EE /* MainCollectionViewDataSource.swift in Sources */ = {isa = PBXBuildFile; fileRef = 1E677F7528804B2C00C822EE /* MainCollectionViewDataSource.swift */; };
		1E677F7A28804B7300C822EE /* HeaderView.swift in Sources */ = {isa = PBXBuildFile; fileRef = 1E677F7928804B7300C822EE /* HeaderView.swift */; };
		1E677F7C28804BB300C822EE /* MainRepository.swift in Sources */ = {isa = PBXBuildFile; fileRef = 1E677F7B28804BB300C822EE /* MainRepository.swift */; };
		1E677F7E28804BD800C822EE /* BaseRepository.swift in Sources */ = {isa = PBXBuildFile; fileRef = 1E677F7D28804BD800C822EE /* BaseRepository.swift */; };
		1E677F8028804BF600C822EE /* NetworkError.swift in Sources */ = {isa = PBXBuildFile; fileRef = 1E677F7F28804BF600C822EE /* NetworkError.swift */; };
		1E677F8228813FA400C822EE /* DTO.swift in Sources */ = {isa = PBXBuildFile; fileRef = 1E677F8128813FA400C822EE /* DTO.swift */; };
		1E677F85288145E700C822EE /* NetworkInjector.swift in Sources */ = {isa = PBXBuildFile; fileRef = 1E677F84288145E700C822EE /* NetworkInjector.swift */; };
		1E677F872881460D00C822EE /* NetworkContainer.swift in Sources */ = {isa = PBXBuildFile; fileRef = 1E677F862881460D00C822EE /* NetworkContainer.swift */; };
		1E677F8B288148F600C822EE /* MockData.json in Resources */ = {isa = PBXBuildFile; fileRef = 1E677F8A288148F600C822EE /* MockData.json */; };
		1E677F8E28816ED800C822EE /* MainViewModel.swift in Sources */ = {isa = PBXBuildFile; fileRef = 1E677F8D28816ED800C822EE /* MainViewModel.swift */; };
		1E677F922883FB4D00C822EE /* ImageCacheManager.swift in Sources */ = {isa = PBXBuildFile; fileRef = 1E677F912883FB4D00C822EE /* ImageCacheManager.swift */; };
		1E677FD82884552300C822EE /* BannerSectionDataSource.swift in Sources */ = {isa = PBXBuildFile; fileRef = 1E677FD72884552300C822EE /* BannerSectionDataSource.swift */; };
		1E677FDA2884556800C822EE /* GridProductSectionDataSource.swift in Sources */ = {isa = PBXBuildFile; fileRef = 1E677FD92884556800C822EE /* GridProductSectionDataSource.swift */; };
		1E677FDC2884557800C822EE /* ScrollProductSectionDataSource.swift in Sources */ = {isa = PBXBuildFile; fileRef = 1E677FDB2884557800C822EE /* ScrollProductSectionDataSource.swift */; };
		1E677FDE2884558700C822EE /* StyleSectionDataSource.swift in Sources */ = {isa = PBXBuildFile; fileRef = 1E677FDD2884558700C822EE /* StyleSectionDataSource.swift */; };
		1E677FE0288455B200C822EE /* BannerCellViewModel.swift in Sources */ = {isa = PBXBuildFile; fileRef = 1E677FDF288455B200C822EE /* BannerCellViewModel.swift */; };
		1E677FE2288455C200C822EE /* GridProductCellViewModel.swift in Sources */ = {isa = PBXBuildFile; fileRef = 1E677FE1288455C200C822EE /* GridProductCellViewModel.swift */; };
		1E677FE4288455CE00C822EE /* ScrollProductCellViewModel.swift in Sources */ = {isa = PBXBuildFile; fileRef = 1E677FE3288455CE00C822EE /* ScrollProductCellViewModel.swift */; };
		1E677FE6288455DC00C822EE /* StyleCellViewModel.swift in Sources */ = {isa = PBXBuildFile; fileRef = 1E677FE5288455DC00C822EE /* StyleCellViewModel.swift */; };
		1E677FE82884562600C822EE /* BannerViewCell.swift in Sources */ = {isa = PBXBuildFile; fileRef = 1E677FE72884562600C822EE /* BannerViewCell.swift */; };
		1E677FEA2885228F00C822EE /* GridProductViewCell.swift in Sources */ = {isa = PBXBuildFile; fileRef = 1E677FE92885228F00C822EE /* GridProductViewCell.swift */; };
		1E677FEC288522AC00C822EE /* ScrollProductViewCell.swift in Sources */ = {isa = PBXBuildFile; fileRef = 1E677FEB288522AC00C822EE /* ScrollProductViewCell.swift */; };
		1E677FEE288522B600C822EE /* StyleViewCell.swift in Sources */ = {isa = PBXBuildFile; fileRef = 1E677FED288522B600C822EE /* StyleViewCell.swift */; };
		1E677FF0288533F000C822EE /* FooterView.swift in Sources */ = {isa = PBXBuildFile; fileRef = 1E677FEF288533F000C822EE /* FooterView.swift */; };
		1E6B475628B241E800865968 /* Entity.swift in Sources */ = {isa = PBXBuildFile; fileRef = 1E6B475528B241E800865968 /* Entity.swift */; };
		1E6B475928B242DC00865968 /* Extension+Int.swift in Sources */ = {isa = PBXBuildFile; fileRef = 1E6B475828B242DC00865968 /* Extension+Int.swift */; };
		1E6B475B28B24DE000865968 /* RoundPaddingLabel.swift in Sources */ = {isa = PBXBuildFile; fileRef = 1E6B475A28B24DE000865968 /* RoundPaddingLabel.swift */; };
		1E6B475D28B301C400865968 /* Extension+UIImageView.swift in Sources */ = {isa = PBXBuildFile; fileRef = 1E6B475C28B301C400865968 /* Extension+UIImageView.swift */; };
		1E6B476128B3551B00865968 /* Extension+UICollectionViewCell.swift in Sources */ = {isa = PBXBuildFile; fileRef = 1E6B476028B3551B00865968 /* Extension+UICollectionViewCell.swift */; };
		1E6B476328B3579500865968 /* Extension+UICollectionReusableView.swift in Sources */ = {isa = PBXBuildFile; fileRef = 1E6B476228B3579500865968 /* Extension+UICollectionReusableView.swift */; };
		1E6B476528B36C9E00865968 /* PageCountSupplementaryView.swift in Sources */ = {isa = PBXBuildFile; fileRef = 1E6B476428B36C9E00865968 /* PageCountSupplementaryView.swift */; };
		1E6B476728B3894F00865968 /* MVVM.swift in Sources */ = {isa = PBXBuildFile; fileRef = 1E6B476628B3894F00865968 /* MVVM.swift */; };
		1E6B476928B3A10200865968 /* PageCountSupplementaryViewModel.swift in Sources */ = {isa = PBXBuildFile; fileRef = 1E6B476828B3A10200865968 /* PageCountSupplementaryViewModel.swift */; };
		1E6B476B28B3A17000865968 /* ProductView.swift in Sources */ = {isa = PBXBuildFile; fileRef = 1E6B476A28B3A17000865968 /* ProductView.swift */; };
		1E6B476E28B3A38000865968 /* HeaderViewModel.swift in Sources */ = {isa = PBXBuildFile; fileRef = 1E6B476D28B3A38000865968 /* HeaderViewModel.swift */; };
		1E6B477028B3A38900865968 /* FooterViewModel.swift in Sources */ = {isa = PBXBuildFile; fileRef = 1E6B476F28B3A38900865968 /* FooterViewModel.swift */; };
		1E6B477228B3A57B00865968 /* SectionDataSource.swift in Sources */ = {isa = PBXBuildFile; fileRef = 1E6B477128B3A57B00865968 /* SectionDataSource.swift */; };
		1E6B47B228BB3B5600865968 /* GridProductSectionDataSourceViewModel.swift in Sources */ = {isa = PBXBuildFile; fileRef = 1E6B47B128BB3B5600865968 /* GridProductSectionDataSourceViewModel.swift */; };
		1E6B47B428BB431D00865968 /* BannerSectionDataSourceViewModel.swift in Sources */ = {isa = PBXBuildFile; fileRef = 1E6B47B328BB431D00865968 /* BannerSectionDataSourceViewModel.swift */; };
		1E6B47B628BB438200865968 /* ScrollProductSectionDataSourceViewModel.swift in Sources */ = {isa = PBXBuildFile; fileRef = 1E6B47B528BB438200865968 /* ScrollProductSectionDataSourceViewModel.swift */; };
		1E6B47B828BB43BA00865968 /* StyleSectionDataSourceViewModel.swift in Sources */ = {isa = PBXBuildFile; fileRef = 1E6B47B728BB43BA00865968 /* StyleSectionDataSourceViewModel.swift */; };
		1E6B47BB28BB45C900865968 /* SectionDataSourceViewModel.swift in Sources */ = {isa = PBXBuildFile; fileRef = 1E6B47BA28BB45C900865968 /* SectionDataSourceViewModel.swift */; };
		1ECB2AED28C88A09005EB626 /* Extension+UIAction_Identifier.swift in Sources */ = {isa = PBXBuildFile; fileRef = 1ECB2AEC28C88A09005EB626 /* Extension+UIAction_Identifier.swift */; };
/* End PBXBuildFile section */

/* Begin PBXContainerItemProxy section */
		1E677F50287FF75B00C822EE /* PBXContainerItemProxy */ = {
			isa = PBXContainerItemProxy;
			containerPortal = 1E677F31287FF75A00C822EE /* Project object */;
			proxyType = 1;
			remoteGlobalIDString = 1E677F38287FF75A00C822EE;
			remoteInfo = MusinsaAssignmentApp;
		};
		1E677F5A287FF75B00C822EE /* PBXContainerItemProxy */ = {
			isa = PBXContainerItemProxy;
			containerPortal = 1E677F31287FF75A00C822EE /* Project object */;
			proxyType = 1;
			remoteGlobalIDString = 1E677F38287FF75A00C822EE;
			remoteInfo = MusinsaAssignmentApp;
		};
/* End PBXContainerItemProxy section */

/* Begin PBXFileReference section */
		1E3D4B1828BF281D008945B0 /* RoundPaddingButton.swift */ = {isa = PBXFileReference; lastKnownFileType = sourcecode.swift; path = RoundPaddingButton.swift; sourceTree = "<group>"; };
		1E3D4B1A28BF3760008945B0 /* HeaderBindable.swift */ = {isa = PBXFileReference; lastKnownFileType = sourcecode.swift; path = HeaderBindable.swift; sourceTree = "<group>"; };
		1E3D4B1C28BF376A008945B0 /* FooterBindable.swift */ = {isa = PBXFileReference; lastKnownFileType = sourcecode.swift; path = FooterBindable.swift; sourceTree = "<group>"; };
		1E3D4B1E28BF3EF9008945B0 /* HeaderUsable.swift */ = {isa = PBXFileReference; lastKnownFileType = sourcecode.swift; path = HeaderUsable.swift; sourceTree = "<group>"; };
		1E3D4B2028BF3F03008945B0 /* FooterUsable.swift */ = {isa = PBXFileReference; lastKnownFileType = sourcecode.swift; path = FooterUsable.swift; sourceTree = "<group>"; };
		1E3D4B2228BF47A0008945B0 /* PageCountViewBindable.swift */ = {isa = PBXFileReference; lastKnownFileType = sourcecode.swift; path = PageCountViewBindable.swift; sourceTree = "<group>"; };
		1E3D4B3028C4EC35008945B0 /* JSONconverter.swift */ = {isa = PBXFileReference; lastKnownFileType = sourcecode.swift; path = JSONconverter.swift; sourceTree = "<group>"; };
		1E677F39287FF75A00C822EE /* MusinsaAssignmentApp.app */ = {isa = PBXFileReference; explicitFileType = wrapper.application; includeInIndex = 0; path = MusinsaAssignmentApp.app; sourceTree = BUILT_PRODUCTS_DIR; };
		1E677F3C287FF75A00C822EE /* AppDelegate.swift */ = {isa = PBXFileReference; lastKnownFileType = sourcecode.swift; path = AppDelegate.swift; sourceTree = "<group>"; };
		1E677F3E287FF75A00C822EE /* SceneDelegate.swift */ = {isa = PBXFileReference; lastKnownFileType = sourcecode.swift; path = SceneDelegate.swift; sourceTree = "<group>"; };
		1E677F40287FF75A00C822EE /* MainViewController.swift */ = {isa = PBXFileReference; lastKnownFileType = sourcecode.swift; path = MainViewController.swift; sourceTree = "<group>"; };
		1E677F45287FF75B00C822EE /* Assets.xcassets */ = {isa = PBXFileReference; lastKnownFileType = folder.assetcatalog; path = Assets.xcassets; sourceTree = "<group>"; };
		1E677F48287FF75B00C822EE /* Base */ = {isa = PBXFileReference; lastKnownFileType = file.storyboard; name = Base; path = Base.lproj/LaunchScreen.storyboard; sourceTree = "<group>"; };
		1E677F4A287FF75B00C822EE /* Info.plist */ = {isa = PBXFileReference; lastKnownFileType = text.plist.xml; path = Info.plist; sourceTree = "<group>"; };
		1E677F4F287FF75B00C822EE /* MusinsaAssignmentAppTests.xctest */ = {isa = PBXFileReference; explicitFileType = wrapper.cfbundle; includeInIndex = 0; path = MusinsaAssignmentAppTests.xctest; sourceTree = BUILT_PRODUCTS_DIR; };
		1E677F53287FF75B00C822EE /* MusinsaAssignmentAppTests.swift */ = {isa = PBXFileReference; lastKnownFileType = sourcecode.swift; path = MusinsaAssignmentAppTests.swift; sourceTree = "<group>"; };
		1E677F59287FF75B00C822EE /* MusinsaAssignmentAppUITests.xctest */ = {isa = PBXFileReference; explicitFileType = wrapper.cfbundle; includeInIndex = 0; path = MusinsaAssignmentAppUITests.xctest; sourceTree = BUILT_PRODUCTS_DIR; };
		1E677F5D287FF75B00C822EE /* MusinsaAssignmentAppUITests.swift */ = {isa = PBXFileReference; lastKnownFileType = sourcecode.swift; path = MusinsaAssignmentAppUITests.swift; sourceTree = "<group>"; };
		1E677F5F287FF75B00C822EE /* MusinsaAssignmentAppUITestsLaunchTests.swift */ = {isa = PBXFileReference; lastKnownFileType = sourcecode.swift; path = MusinsaAssignmentAppUITestsLaunchTests.swift; sourceTree = "<group>"; };
		1E677F70287FF8ED00C822EE /* Observable.swift */ = {isa = PBXFileReference; lastKnownFileType = sourcecode.swift; path = Observable.swift; sourceTree = "<group>"; };
		1E677F7528804B2C00C822EE /* MainCollectionViewDataSource.swift */ = {isa = PBXFileReference; lastKnownFileType = sourcecode.swift; path = MainCollectionViewDataSource.swift; sourceTree = "<group>"; };
		1E677F7928804B7300C822EE /* HeaderView.swift */ = {isa = PBXFileReference; lastKnownFileType = sourcecode.swift; path = HeaderView.swift; sourceTree = "<group>"; };
		1E677F7B28804BB300C822EE /* MainRepository.swift */ = {isa = PBXFileReference; lastKnownFileType = sourcecode.swift; path = MainRepository.swift; sourceTree = "<group>"; };
		1E677F7D28804BD800C822EE /* BaseRepository.swift */ = {isa = PBXFileReference; lastKnownFileType = sourcecode.swift; path = BaseRepository.swift; sourceTree = "<group>"; };
		1E677F7F28804BF600C822EE /* NetworkError.swift */ = {isa = PBXFileReference; lastKnownFileType = sourcecode.swift; path = NetworkError.swift; sourceTree = "<group>"; };
		1E677F8128813FA400C822EE /* DTO.swift */ = {isa = PBXFileReference; lastKnownFileType = sourcecode.swift; path = DTO.swift; sourceTree = "<group>"; };
		1E677F84288145E700C822EE /* NetworkInjector.swift */ = {isa = PBXFileReference; lastKnownFileType = sourcecode.swift; path = NetworkInjector.swift; sourceTree = "<group>"; };
		1E677F862881460D00C822EE /* NetworkContainer.swift */ = {isa = PBXFileReference; lastKnownFileType = sourcecode.swift; path = NetworkContainer.swift; sourceTree = "<group>"; };
		1E677F8A288148F600C822EE /* MockData.json */ = {isa = PBXFileReference; lastKnownFileType = text.json; path = MockData.json; sourceTree = "<group>"; };
		1E677F8D28816ED800C822EE /* MainViewModel.swift */ = {isa = PBXFileReference; lastKnownFileType = sourcecode.swift; path = MainViewModel.swift; sourceTree = "<group>"; };
		1E677F912883FB4D00C822EE /* ImageCacheManager.swift */ = {isa = PBXFileReference; lastKnownFileType = sourcecode.swift; path = ImageCacheManager.swift; sourceTree = "<group>"; };
		1E677FD72884552300C822EE /* BannerSectionDataSource.swift */ = {isa = PBXFileReference; lastKnownFileType = sourcecode.swift; path = BannerSectionDataSource.swift; sourceTree = "<group>"; };
		1E677FD92884556800C822EE /* GridProductSectionDataSource.swift */ = {isa = PBXFileReference; lastKnownFileType = sourcecode.swift; path = GridProductSectionDataSource.swift; sourceTree = "<group>"; };
		1E677FDB2884557800C822EE /* ScrollProductSectionDataSource.swift */ = {isa = PBXFileReference; lastKnownFileType = sourcecode.swift; path = ScrollProductSectionDataSource.swift; sourceTree = "<group>"; };
		1E677FDD2884558700C822EE /* StyleSectionDataSource.swift */ = {isa = PBXFileReference; lastKnownFileType = sourcecode.swift; path = StyleSectionDataSource.swift; sourceTree = "<group>"; };
		1E677FDF288455B200C822EE /* BannerCellViewModel.swift */ = {isa = PBXFileReference; lastKnownFileType = sourcecode.swift; path = BannerCellViewModel.swift; sourceTree = "<group>"; };
		1E677FE1288455C200C822EE /* GridProductCellViewModel.swift */ = {isa = PBXFileReference; lastKnownFileType = sourcecode.swift; path = GridProductCellViewModel.swift; sourceTree = "<group>"; };
		1E677FE3288455CE00C822EE /* ScrollProductCellViewModel.swift */ = {isa = PBXFileReference; lastKnownFileType = sourcecode.swift; path = ScrollProductCellViewModel.swift; sourceTree = "<group>"; };
		1E677FE5288455DC00C822EE /* StyleCellViewModel.swift */ = {isa = PBXFileReference; lastKnownFileType = sourcecode.swift; path = StyleCellViewModel.swift; sourceTree = "<group>"; };
		1E677FE72884562600C822EE /* BannerViewCell.swift */ = {isa = PBXFileReference; lastKnownFileType = sourcecode.swift; path = BannerViewCell.swift; sourceTree = "<group>"; };
		1E677FE92885228F00C822EE /* GridProductViewCell.swift */ = {isa = PBXFileReference; lastKnownFileType = sourcecode.swift; path = GridProductViewCell.swift; sourceTree = "<group>"; };
		1E677FEB288522AC00C822EE /* ScrollProductViewCell.swift */ = {isa = PBXFileReference; lastKnownFileType = sourcecode.swift; path = ScrollProductViewCell.swift; sourceTree = "<group>"; };
		1E677FED288522B600C822EE /* StyleViewCell.swift */ = {isa = PBXFileReference; lastKnownFileType = sourcecode.swift; path = StyleViewCell.swift; sourceTree = "<group>"; };
		1E677FEF288533F000C822EE /* FooterView.swift */ = {isa = PBXFileReference; lastKnownFileType = sourcecode.swift; path = FooterView.swift; sourceTree = "<group>"; };
		1E6B475528B241E800865968 /* Entity.swift */ = {isa = PBXFileReference; lastKnownFileType = sourcecode.swift; path = Entity.swift; sourceTree = "<group>"; };
		1E6B475828B242DC00865968 /* Extension+Int.swift */ = {isa = PBXFileReference; lastKnownFileType = sourcecode.swift; path = "Extension+Int.swift"; sourceTree = "<group>"; };
		1E6B475A28B24DE000865968 /* RoundPaddingLabel.swift */ = {isa = PBXFileReference; lastKnownFileType = sourcecode.swift; path = RoundPaddingLabel.swift; sourceTree = "<group>"; };
		1E6B475C28B301C400865968 /* Extension+UIImageView.swift */ = {isa = PBXFileReference; lastKnownFileType = sourcecode.swift; path = "Extension+UIImageView.swift"; sourceTree = "<group>"; };
		1E6B476028B3551B00865968 /* Extension+UICollectionViewCell.swift */ = {isa = PBXFileReference; lastKnownFileType = sourcecode.swift; path = "Extension+UICollectionViewCell.swift"; sourceTree = "<group>"; };
		1E6B476228B3579500865968 /* Extension+UICollectionReusableView.swift */ = {isa = PBXFileReference; lastKnownFileType = sourcecode.swift; path = "Extension+UICollectionReusableView.swift"; sourceTree = "<group>"; };
		1E6B476428B36C9E00865968 /* PageCountSupplementaryView.swift */ = {isa = PBXFileReference; lastKnownFileType = sourcecode.swift; path = PageCountSupplementaryView.swift; sourceTree = "<group>"; };
		1E6B476628B3894F00865968 /* MVVM.swift */ = {isa = PBXFileReference; lastKnownFileType = sourcecode.swift; path = MVVM.swift; sourceTree = "<group>"; };
		1E6B476828B3A10200865968 /* PageCountSupplementaryViewModel.swift */ = {isa = PBXFileReference; lastKnownFileType = sourcecode.swift; path = PageCountSupplementaryViewModel.swift; sourceTree = "<group>"; };
		1E6B476A28B3A17000865968 /* ProductView.swift */ = {isa = PBXFileReference; lastKnownFileType = sourcecode.swift; path = ProductView.swift; sourceTree = "<group>"; };
		1E6B476D28B3A38000865968 /* HeaderViewModel.swift */ = {isa = PBXFileReference; lastKnownFileType = sourcecode.swift; path = HeaderViewModel.swift; sourceTree = "<group>"; };
		1E6B476F28B3A38900865968 /* FooterViewModel.swift */ = {isa = PBXFileReference; lastKnownFileType = sourcecode.swift; path = FooterViewModel.swift; sourceTree = "<group>"; };
		1E6B477128B3A57B00865968 /* SectionDataSource.swift */ = {isa = PBXFileReference; lastKnownFileType = sourcecode.swift; path = SectionDataSource.swift; sourceTree = "<group>"; };
		1E6B47B128BB3B5600865968 /* GridProductSectionDataSourceViewModel.swift */ = {isa = PBXFileReference; lastKnownFileType = sourcecode.swift; path = GridProductSectionDataSourceViewModel.swift; sourceTree = "<group>"; };
		1E6B47B328BB431D00865968 /* BannerSectionDataSourceViewModel.swift */ = {isa = PBXFileReference; lastKnownFileType = sourcecode.swift; path = BannerSectionDataSourceViewModel.swift; sourceTree = "<group>"; };
		1E6B47B528BB438200865968 /* ScrollProductSectionDataSourceViewModel.swift */ = {isa = PBXFileReference; lastKnownFileType = sourcecode.swift; path = ScrollProductSectionDataSourceViewModel.swift; sourceTree = "<group>"; };
		1E6B47B728BB43BA00865968 /* StyleSectionDataSourceViewModel.swift */ = {isa = PBXFileReference; lastKnownFileType = sourcecode.swift; path = StyleSectionDataSourceViewModel.swift; sourceTree = "<group>"; };
		1E6B47BA28BB45C900865968 /* SectionDataSourceViewModel.swift */ = {isa = PBXFileReference; lastKnownFileType = sourcecode.swift; path = SectionDataSourceViewModel.swift; sourceTree = "<group>"; };
		1ECB2AEC28C88A09005EB626 /* Extension+UIAction_Identifier.swift */ = {isa = PBXFileReference; lastKnownFileType = sourcecode.swift; path = "Extension+UIAction_Identifier.swift"; sourceTree = "<group>"; };
/* End PBXFileReference section */

/* Begin PBXFrameworksBuildPhase section */
		1E677F36287FF75A00C822EE /* Frameworks */ = {
			isa = PBXFrameworksBuildPhase;
			buildActionMask = 2147483647;
			files = (
			);
			runOnlyForDeploymentPostprocessing = 0;
		};
		1E677F4C287FF75B00C822EE /* Frameworks */ = {
			isa = PBXFrameworksBuildPhase;
			buildActionMask = 2147483647;
			files = (
			);
			runOnlyForDeploymentPostprocessing = 0;
		};
		1E677F56287FF75B00C822EE /* Frameworks */ = {
			isa = PBXFrameworksBuildPhase;
			buildActionMask = 2147483647;
			files = (
			);
			runOnlyForDeploymentPostprocessing = 0;
		};
/* End PBXFrameworksBuildPhase section */

/* Begin PBXGroup section */
		1E3D4B1728BEFD2A008945B0 /* SupplementaryView */ = {
			isa = PBXGroup;
			children = (
				1E3D4B1A28BF3760008945B0 /* HeaderBindable.swift */,
				1E3D4B1C28BF376A008945B0 /* FooterBindable.swift */,
				1E3D4B1E28BF3EF9008945B0 /* HeaderUsable.swift */,
				1E3D4B2028BF3F03008945B0 /* FooterUsable.swift */,
				1E6B476D28B3A38000865968 /* HeaderViewModel.swift */,
				1E677F7928804B7300C822EE /* HeaderView.swift */,
				1E6B476F28B3A38900865968 /* FooterViewModel.swift */,
				1E677FEF288533F000C822EE /* FooterView.swift */,
			);
			path = SupplementaryView;
			sourceTree = "<group>";
		};
		1E3D4B2428C2EFE0008945B0 /* Data */ = {
			isa = PBXGroup;
			children = (
				1E3D4B2B28C2F116008945B0 /* Network */,
				1E3D4B2728C2F022008945B0 /* Repository */,
			);
			path = Data;
			sourceTree = "<group>";
		};
		1E3D4B2528C2EFE8008945B0 /* Present */ = {
			isa = PBXGroup;
			children = (
				1E677F6F287FF88F00C822EE /* Scene */,
			);
			path = Present;
			sourceTree = "<group>";
		};
		1E3D4B2628C2EFF3008945B0 /* Domain */ = {
			isa = PBXGroup;
			children = (
				1E3D4B2828C2F08A008945B0 /* Entity */,
			);
			path = Domain;
			sourceTree = "<group>";
		};
		1E3D4B2728C2F022008945B0 /* Repository */ = {
			isa = PBXGroup;
			children = (
				1E677F7D28804BD800C822EE /* BaseRepository.swift */,
				1E677F7B28804BB300C822EE /* MainRepository.swift */,
				1E3D4B3028C4EC35008945B0 /* JSONconverter.swift */,
			);
			path = Repository;
			sourceTree = "<group>";
		};
		1E3D4B2828C2F08A008945B0 /* Entity */ = {
			isa = PBXGroup;
			children = (
				1E6B475528B241E800865968 /* Entity.swift */,
			);
			path = Entity;
			sourceTree = "<group>";
		};
		1E3D4B2B28C2F116008945B0 /* Network */ = {
			isa = PBXGroup;
			children = (
				1E677F912883FB4D00C822EE /* ImageCacheManager.swift */,
				1E677F862881460D00C822EE /* NetworkContainer.swift */,
				1E677F7F28804BF600C822EE /* NetworkError.swift */,
				1E3D4B2D28C2F25E008945B0 /* DataMapping */,
				1E3D4B2C28C2F1BA008945B0 /* Service */,
			);
			path = Network;
			sourceTree = "<group>";
		};
		1E3D4B2C28C2F1BA008945B0 /* Service */ = {
			isa = PBXGroup;
			children = (
			);
			path = Service;
			sourceTree = "<group>";
		};
		1E3D4B2D28C2F25E008945B0 /* DataMapping */ = {
			isa = PBXGroup;
			children = (
				1E677F8128813FA400C822EE /* DTO.swift */,
			);
			path = DataMapping;
			sourceTree = "<group>";
		};
		1E677F30287FF75A00C822EE = {
			isa = PBXGroup;
			children = (
				1E677F3B287FF75A00C822EE /* MusinsaAssignmentApp */,
				1E677F52287FF75B00C822EE /* MusinsaAssignmentAppTests */,
				1E677F5C287FF75B00C822EE /* MusinsaAssignmentAppUITests */,
				1E677F3A287FF75A00C822EE /* Products */,
			);
			sourceTree = "<group>";
		};
		1E677F3A287FF75A00C822EE /* Products */ = {
			isa = PBXGroup;
			children = (
				1E677F39287FF75A00C822EE /* MusinsaAssignmentApp.app */,
				1E677F4F287FF75B00C822EE /* MusinsaAssignmentAppTests.xctest */,
				1E677F59287FF75B00C822EE /* MusinsaAssignmentAppUITests.xctest */,
			);
			name = Products;
			sourceTree = "<group>";
		};
		1E677F3B287FF75A00C822EE /* MusinsaAssignmentApp */ = {
			isa = PBXGroup;
			children = (
				1E677F4A287FF75B00C822EE /* Info.plist */,
				1E677F6C287FF7DB00C822EE /* Resource */,
				1E677F6D287FF7E200C822EE /* Source */,
			);
			path = MusinsaAssignmentApp;
			sourceTree = "<group>";
		};
		1E677F52287FF75B00C822EE /* MusinsaAssignmentAppTests */ = {
			isa = PBXGroup;
			children = (
				1E677F53287FF75B00C822EE /* MusinsaAssignmentAppTests.swift */,
			);
			path = MusinsaAssignmentAppTests;
			sourceTree = "<group>";
		};
		1E677F5C287FF75B00C822EE /* MusinsaAssignmentAppUITests */ = {
			isa = PBXGroup;
			children = (
				1E677F5D287FF75B00C822EE /* MusinsaAssignmentAppUITests.swift */,
				1E677F5F287FF75B00C822EE /* MusinsaAssignmentAppUITestsLaunchTests.swift */,
			);
			path = MusinsaAssignmentAppUITests;
			sourceTree = "<group>";
		};
		1E677F6C287FF7DB00C822EE /* Resource */ = {
			isa = PBXGroup;
			children = (
				1E677F45287FF75B00C822EE /* Assets.xcassets */,
				1E6B475F28B3032500865968 /* Font */,
				1E677F8C2881490A00C822EE /* MockResponse */,
			);
			path = Resource;
			sourceTree = "<group>";
		};
		1E677F6D287FF7E200C822EE /* Source */ = {
			isa = PBXGroup;
			children = (
				1E3D4B2428C2EFE0008945B0 /* Data */,
				1E3D4B2628C2EFF3008945B0 /* Domain */,
				1E3D4B2528C2EFE8008945B0 /* Present */,
				1E677F72287FF8F700C822EE /* Support */,
				1E6B475E28B3031300865968 /* Constant */,
				1E6B475728B242D000865968 /* Extension */,
				1E677F6E287FF7F700C822EE /* LifeCycle */,
				1E677F732880481500C822EE /* Network */,
			);
			path = Source;
			sourceTree = "<group>";
		};
		1E677F6E287FF7F700C822EE /* LifeCycle */ = {
			isa = PBXGroup;
			children = (
				1E677F3C287FF75A00C822EE /* AppDelegate.swift */,
				1E677F3E287FF75A00C822EE /* SceneDelegate.swift */,
			);
			path = LifeCycle;
			sourceTree = "<group>";
		};
		1E677F6F287FF88F00C822EE /* Scene */ = {
			isa = PBXGroup;
			children = (
				1E677F47287FF75B00C822EE /* LaunchScreen.storyboard */,
				1E6B476C28B3A18600865968 /* Common */,
				1E3D4B1728BEFD2A008945B0 /* SupplementaryView */,
				1E677F8328813FD000C822EE /* Main */,
			);
			path = Scene;
			sourceTree = "<group>";
		};
		1E677F72287FF8F700C822EE /* Support */ = {
			isa = PBXGroup;
			children = (
				1E677F84288145E700C822EE /* NetworkInjector.swift */,
				1E677F70287FF8ED00C822EE /* Observable.swift */,
				1E6B476628B3894F00865968 /* MVVM.swift */,
			);
			path = Support;
			sourceTree = "<group>";
		};
		1E677F732880481500C822EE /* Network */ = {
			isa = PBXGroup;
			children = (
			);
			path = Network;
			sourceTree = "<group>";
		};
		1E677F8328813FD000C822EE /* Main */ = {
			isa = PBXGroup;
			children = (
				1E677F8D28816ED800C822EE /* MainViewModel.swift */,
				1E677F40287FF75A00C822EE /* MainViewController.swift */,
				1E677F7528804B2C00C822EE /* MainCollectionViewDataSource.swift */,
				1E6B47B928BB457D00865968 /* Contents */,
			);
			path = Main;
			sourceTree = "<group>";
		};
		1E677F8C2881490A00C822EE /* MockResponse */ = {
			isa = PBXGroup;
			children = (
				1E677F8A288148F600C822EE /* MockData.json */,
			);
			path = MockResponse;
			sourceTree = "<group>";
		};
		1E677FD3288454E700C822EE /* Banner */ = {
			isa = PBXGroup;
			children = (
				1E6B47B328BB431D00865968 /* BannerSectionDataSourceViewModel.swift */,
				1E677FD72884552300C822EE /* BannerSectionDataSource.swift */,
				1E677FDF288455B200C822EE /* BannerCellViewModel.swift */,
				1E677FE72884562600C822EE /* BannerViewCell.swift */,
				1E3D4B2228BF47A0008945B0 /* PageCountViewBindable.swift */,
				1E6B476828B3A10200865968 /* PageCountSupplementaryViewModel.swift */,
				1E6B476428B36C9E00865968 /* PageCountSupplementaryView.swift */,
			);
			path = Banner;
			sourceTree = "<group>";
		};
		1E677FD4288454F100C822EE /* GridProduct */ = {
			isa = PBXGroup;
			children = (
				1E6B47B128BB3B5600865968 /* GridProductSectionDataSourceViewModel.swift */,
				1E677FD92884556800C822EE /* GridProductSectionDataSource.swift */,
				1E677FE1288455C200C822EE /* GridProductCellViewModel.swift */,
				1E677FE92885228F00C822EE /* GridProductViewCell.swift */,
			);
			path = GridProduct;
			sourceTree = "<group>";
		};
		1E677FD5288454FA00C822EE /* ScrollProduct */ = {
			isa = PBXGroup;
			children = (
				1E6B47B528BB438200865968 /* ScrollProductSectionDataSourceViewModel.swift */,
				1E677FDB2884557800C822EE /* ScrollProductSectionDataSource.swift */,
				1E677FE3288455CE00C822EE /* ScrollProductCellViewModel.swift */,
				1E677FEB288522AC00C822EE /* ScrollProductViewCell.swift */,
			);
			path = ScrollProduct;
			sourceTree = "<group>";
		};
		1E677FD62884550700C822EE /* Style */ = {
			isa = PBXGroup;
			children = (
				1E6B47B728BB43BA00865968 /* StyleSectionDataSourceViewModel.swift */,
				1E677FDD2884558700C822EE /* StyleSectionDataSource.swift */,
				1E677FE5288455DC00C822EE /* StyleCellViewModel.swift */,
				1E677FED288522B600C822EE /* StyleViewCell.swift */,
			);
			path = Style;
			sourceTree = "<group>";
		};
		1E6B475728B242D000865968 /* Extension */ = {
			isa = PBXGroup;
			children = (
				1E6B475828B242DC00865968 /* Extension+Int.swift */,
				1E6B475C28B301C400865968 /* Extension+UIImageView.swift */,
				1E6B476028B3551B00865968 /* Extension+UICollectionViewCell.swift */,
				1E6B476228B3579500865968 /* Extension+UICollectionReusableView.swift */,
				1ECB2AEC28C88A09005EB626 /* Extension+UIAction_Identifier.swift */,
			);
			path = Extension;
			sourceTree = "<group>";
		};
		1E6B475E28B3031300865968 /* Constant */ = {
			isa = PBXGroup;
			children = (
			);
			path = Constant;
			sourceTree = "<group>";
		};
		1E6B475F28B3032500865968 /* Font */ = {
			isa = PBXGroup;
			children = (
			);
			path = Font;
			sourceTree = "<group>";
		};
		1E6B476C28B3A18600865968 /* Common */ = {
			isa = PBXGroup;
			children = (
				1E6B475A28B24DE000865968 /* RoundPaddingLabel.swift */,
				1E3D4B1828BF281D008945B0 /* RoundPaddingButton.swift */,
				1E6B476A28B3A17000865968 /* ProductView.swift */,
			);
			path = Common;
			sourceTree = "<group>";
		};
		1E6B47B928BB457D00865968 /* Contents */ = {
			isa = PBXGroup;
			children = (
				1E6B47BA28BB45C900865968 /* SectionDataSourceViewModel.swift */,
				1E6B477128B3A57B00865968 /* SectionDataSource.swift */,
				1E677FD3288454E700C822EE /* Banner */,
				1E677FD4288454F100C822EE /* GridProduct */,
				1E677FD5288454FA00C822EE /* ScrollProduct */,
				1E677FD62884550700C822EE /* Style */,
			);
			path = Contents;
			sourceTree = "<group>";
		};
/* End PBXGroup section */

/* Begin PBXNativeTarget section */
		1E677F38287FF75A00C822EE /* MusinsaAssignmentApp */ = {
			isa = PBXNativeTarget;
			buildConfigurationList = 1E677F63287FF75B00C822EE /* Build configuration list for PBXNativeTarget "MusinsaAssignmentApp" */;
			buildPhases = (
				1E677F35287FF75A00C822EE /* Sources */,
				1E677F36287FF75A00C822EE /* Frameworks */,
				1E677F37287FF75A00C822EE /* Resources */,
			);
			buildRules = (
			);
			dependencies = (
			);
			name = MusinsaAssignmentApp;
			productName = MusinsaAssignmentApp;
			productReference = 1E677F39287FF75A00C822EE /* MusinsaAssignmentApp.app */;
			productType = "com.apple.product-type.application";
		};
		1E677F4E287FF75B00C822EE /* MusinsaAssignmentAppTests */ = {
			isa = PBXNativeTarget;
			buildConfigurationList = 1E677F66287FF75B00C822EE /* Build configuration list for PBXNativeTarget "MusinsaAssignmentAppTests" */;
			buildPhases = (
				1E677F4B287FF75B00C822EE /* Sources */,
				1E677F4C287FF75B00C822EE /* Frameworks */,
				1E677F4D287FF75B00C822EE /* Resources */,
			);
			buildRules = (
			);
			dependencies = (
				1E677F51287FF75B00C822EE /* PBXTargetDependency */,
			);
			name = MusinsaAssignmentAppTests;
			productName = MusinsaAssignmentAppTests;
			productReference = 1E677F4F287FF75B00C822EE /* MusinsaAssignmentAppTests.xctest */;
			productType = "com.apple.product-type.bundle.unit-test";
		};
		1E677F58287FF75B00C822EE /* MusinsaAssignmentAppUITests */ = {
			isa = PBXNativeTarget;
			buildConfigurationList = 1E677F69287FF75B00C822EE /* Build configuration list for PBXNativeTarget "MusinsaAssignmentAppUITests" */;
			buildPhases = (
				1E677F55287FF75B00C822EE /* Sources */,
				1E677F56287FF75B00C822EE /* Frameworks */,
				1E677F57287FF75B00C822EE /* Resources */,
			);
			buildRules = (
			);
			dependencies = (
				1E677F5B287FF75B00C822EE /* PBXTargetDependency */,
			);
			name = MusinsaAssignmentAppUITests;
			productName = MusinsaAssignmentAppUITests;
			productReference = 1E677F59287FF75B00C822EE /* MusinsaAssignmentAppUITests.xctest */;
			productType = "com.apple.product-type.bundle.ui-testing";
		};
/* End PBXNativeTarget section */

/* Begin PBXProject section */
		1E677F31287FF75A00C822EE /* Project object */ = {
			isa = PBXProject;
			attributes = {
				BuildIndependentTargetsInParallel = 1;
				LastSwiftUpdateCheck = 1340;
				LastUpgradeCheck = 1340;
				TargetAttributes = {
					1E677F38287FF75A00C822EE = {
						CreatedOnToolsVersion = 13.4;
					};
					1E677F4E287FF75B00C822EE = {
						CreatedOnToolsVersion = 13.4;
						TestTargetID = 1E677F38287FF75A00C822EE;
					};
					1E677F58287FF75B00C822EE = {
						CreatedOnToolsVersion = 13.4;
						TestTargetID = 1E677F38287FF75A00C822EE;
					};
				};
			};
			buildConfigurationList = 1E677F34287FF75A00C822EE /* Build configuration list for PBXProject "MusinsaAssignmentApp" */;
			compatibilityVersion = "Xcode 13.0";
			developmentRegion = en;
			hasScannedForEncodings = 0;
			knownRegions = (
				en,
				Base,
			);
			mainGroup = 1E677F30287FF75A00C822EE;
			productRefGroup = 1E677F3A287FF75A00C822EE /* Products */;
			projectDirPath = "";
			projectRoot = "";
			targets = (
				1E677F38287FF75A00C822EE /* MusinsaAssignmentApp */,
				1E677F4E287FF75B00C822EE /* MusinsaAssignmentAppTests */,
				1E677F58287FF75B00C822EE /* MusinsaAssignmentAppUITests */,
			);
		};
/* End PBXProject section */

/* Begin PBXResourcesBuildPhase section */
		1E677F37287FF75A00C822EE /* Resources */ = {
			isa = PBXResourcesBuildPhase;
			buildActionMask = 2147483647;
			files = (
				1E677F49287FF75B00C822EE /* LaunchScreen.storyboard in Resources */,
				1E677F46287FF75B00C822EE /* Assets.xcassets in Resources */,
				1E677F8B288148F600C822EE /* MockData.json in Resources */,
			);
			runOnlyForDeploymentPostprocessing = 0;
		};
		1E677F4D287FF75B00C822EE /* Resources */ = {
			isa = PBXResourcesBuildPhase;
			buildActionMask = 2147483647;
			files = (
			);
			runOnlyForDeploymentPostprocessing = 0;
		};
		1E677F57287FF75B00C822EE /* Resources */ = {
			isa = PBXResourcesBuildPhase;
			buildActionMask = 2147483647;
			files = (
			);
			runOnlyForDeploymentPostprocessing = 0;
		};
/* End PBXResourcesBuildPhase section */

/* Begin PBXSourcesBuildPhase section */
		1E677F35287FF75A00C822EE /* Sources */ = {
			isa = PBXSourcesBuildPhase;
			buildActionMask = 2147483647;
			files = (
				1E677F71287FF8ED00C822EE /* Observable.swift in Sources */,
				1E677FE0288455B200C822EE /* BannerCellViewModel.swift in Sources */,
				1E677F872881460D00C822EE /* NetworkContainer.swift in Sources */,
				1E6B475B28B24DE000865968 /* RoundPaddingLabel.swift in Sources */,
				1E6B47B828BB43BA00865968 /* StyleSectionDataSourceViewModel.swift in Sources */,
				1E3D4B2128BF3F03008945B0 /* FooterUsable.swift in Sources */,
				1E677F7A28804B7300C822EE /* HeaderView.swift in Sources */,
				1E677FDA2884556800C822EE /* GridProductSectionDataSource.swift in Sources */,
				1E677FEA2885228F00C822EE /* GridProductViewCell.swift in Sources */,
				1E3D4B1D28BF376A008945B0 /* FooterBindable.swift in Sources */,
				1E677F7E28804BD800C822EE /* BaseRepository.swift in Sources */,
				1E6B47B228BB3B5600865968 /* GridProductSectionDataSourceViewModel.swift in Sources */,
				1E677F85288145E700C822EE /* NetworkInjector.swift in Sources */,
				1E6B475628B241E800865968 /* Entity.swift in Sources */,
				1E677FDC2884557800C822EE /* ScrollProductSectionDataSource.swift in Sources */,
				1E677F41287FF75A00C822EE /* MainViewController.swift in Sources */,
				1E677F8E28816ED800C822EE /* MainViewModel.swift in Sources */,
				1E6B47BB28BB45C900865968 /* SectionDataSourceViewModel.swift in Sources */,
				1E6B476728B3894F00865968 /* MVVM.swift in Sources */,
				1E677F7C28804BB300C822EE /* MainRepository.swift in Sources */,
				1E677FDE2884558700C822EE /* StyleSectionDataSource.swift in Sources */,
				1E677F3D287FF75A00C822EE /* AppDelegate.swift in Sources */,
				1E3D4B3128C4EC35008945B0 /* JSONconverter.swift in Sources */,
				1E677F922883FB4D00C822EE /* ImageCacheManager.swift in Sources */,
				1E677FE6288455DC00C822EE /* StyleCellViewModel.swift in Sources */,
				1E6B476128B3551B00865968 /* Extension+UICollectionViewCell.swift in Sources */,
				1E6B477228B3A57B00865968 /* SectionDataSource.swift in Sources */,
				1E677FD82884552300C822EE /* BannerSectionDataSource.swift in Sources */,
				1E677F8228813FA400C822EE /* DTO.swift in Sources */,
				1E677FEC288522AC00C822EE /* ScrollProductViewCell.swift in Sources */,
				1E677F7628804B2C00C822EE /* MainCollectionViewDataSource.swift in Sources */,
				1E6B477028B3A38900865968 /* FooterViewModel.swift in Sources */,
				1E3D4B2328BF47A0008945B0 /* PageCountViewBindable.swift in Sources */,
				1E6B47B628BB438200865968 /* ScrollProductSectionDataSourceViewModel.swift in Sources */,
				1E677FEE288522B600C822EE /* StyleViewCell.swift in Sources */,
				1E677F3F287FF75A00C822EE /* SceneDelegate.swift in Sources */,
				1E6B47B428BB431D00865968 /* BannerSectionDataSourceViewModel.swift in Sources */,
				1E6B475D28B301C400865968 /* Extension+UIImageView.swift in Sources */,
				1E677FF0288533F000C822EE /* FooterView.swift in Sources */,
				1E6B476328B3579500865968 /* Extension+UICollectionReusableView.swift in Sources */,
				1ECB2AED28C88A09005EB626 /* Extension+UIAction_Identifier.swift in Sources */,
				1E6B476B28B3A17000865968 /* ProductView.swift in Sources */,
				1E3D4B1928BF281D008945B0 /* RoundPaddingButton.swift in Sources */,
				1E6B476928B3A10200865968 /* PageCountSupplementaryViewModel.swift in Sources */,
				1E6B476E28B3A38000865968 /* HeaderViewModel.swift in Sources */,
				1E3D4B1F28BF3EF9008945B0 /* HeaderUsable.swift in Sources */,
				1E3D4B1B28BF3760008945B0 /* HeaderBindable.swift in Sources */,
				1E6B476528B36C9E00865968 /* PageCountSupplementaryView.swift in Sources */,
				1E677FE4288455CE00C822EE /* ScrollProductCellViewModel.swift in Sources */,
				1E677FE82884562600C822EE /* BannerViewCell.swift in Sources */,
				1E677FE2288455C200C822EE /* GridProductCellViewModel.swift in Sources */,
				1E6B475928B242DC00865968 /* Extension+Int.swift in Sources */,
				1E677F8028804BF600C822EE /* NetworkError.swift in Sources */,
			);
			runOnlyForDeploymentPostprocessing = 0;
		};
		1E677F4B287FF75B00C822EE /* Sources */ = {
			isa = PBXSourcesBuildPhase;
			buildActionMask = 2147483647;
			files = (
				1E677F54287FF75B00C822EE /* MusinsaAssignmentAppTests.swift in Sources */,
			);
			runOnlyForDeploymentPostprocessing = 0;
		};
		1E677F55287FF75B00C822EE /* Sources */ = {
			isa = PBXSourcesBuildPhase;
			buildActionMask = 2147483647;
			files = (
				1E677F60287FF75B00C822EE /* MusinsaAssignmentAppUITestsLaunchTests.swift in Sources */,
				1E677F5E287FF75B00C822EE /* MusinsaAssignmentAppUITests.swift in Sources */,
			);
			runOnlyForDeploymentPostprocessing = 0;
		};
/* End PBXSourcesBuildPhase section */

/* Begin PBXTargetDependency section */
		1E677F51287FF75B00C822EE /* PBXTargetDependency */ = {
			isa = PBXTargetDependency;
			target = 1E677F38287FF75A00C822EE /* MusinsaAssignmentApp */;
			targetProxy = 1E677F50287FF75B00C822EE /* PBXContainerItemProxy */;
		};
		1E677F5B287FF75B00C822EE /* PBXTargetDependency */ = {
			isa = PBXTargetDependency;
			target = 1E677F38287FF75A00C822EE /* MusinsaAssignmentApp */;
			targetProxy = 1E677F5A287FF75B00C822EE /* PBXContainerItemProxy */;
		};
/* End PBXTargetDependency section */

/* Begin PBXVariantGroup section */
		1E677F47287FF75B00C822EE /* LaunchScreen.storyboard */ = {
			isa = PBXVariantGroup;
			children = (
				1E677F48287FF75B00C822EE /* Base */,
			);
			name = LaunchScreen.storyboard;
			sourceTree = "<group>";
		};
/* End PBXVariantGroup section */

/* Begin XCBuildConfiguration section */
		1E677F61287FF75B00C822EE /* Debug */ = {
			isa = XCBuildConfiguration;
			buildSettings = {
				ALWAYS_SEARCH_USER_PATHS = NO;
				CLANG_ANALYZER_NONNULL = YES;
				CLANG_ANALYZER_NUMBER_OBJECT_CONVERSION = YES_AGGRESSIVE;
				CLANG_CXX_LANGUAGE_STANDARD = "gnu++17";
				CLANG_ENABLE_MODULES = YES;
				CLANG_ENABLE_OBJC_ARC = YES;
				CLANG_ENABLE_OBJC_WEAK = YES;
				CLANG_WARN_BLOCK_CAPTURE_AUTORELEASING = YES;
				CLANG_WARN_BOOL_CONVERSION = YES;
				CLANG_WARN_COMMA = YES;
				CLANG_WARN_CONSTANT_CONVERSION = YES;
				CLANG_WARN_DEPRECATED_OBJC_IMPLEMENTATIONS = YES;
				CLANG_WARN_DIRECT_OBJC_ISA_USAGE = YES_ERROR;
				CLANG_WARN_DOCUMENTATION_COMMENTS = YES;
				CLANG_WARN_EMPTY_BODY = YES;
				CLANG_WARN_ENUM_CONVERSION = YES;
				CLANG_WARN_INFINITE_RECURSION = YES;
				CLANG_WARN_INT_CONVERSION = YES;
				CLANG_WARN_NON_LITERAL_NULL_CONVERSION = YES;
				CLANG_WARN_OBJC_IMPLICIT_RETAIN_SELF = YES;
				CLANG_WARN_OBJC_LITERAL_CONVERSION = YES;
				CLANG_WARN_OBJC_ROOT_CLASS = YES_ERROR;
				CLANG_WARN_QUOTED_INCLUDE_IN_FRAMEWORK_HEADER = YES;
				CLANG_WARN_RANGE_LOOP_ANALYSIS = YES;
				CLANG_WARN_STRICT_PROTOTYPES = YES;
				CLANG_WARN_SUSPICIOUS_MOVE = YES;
				CLANG_WARN_UNGUARDED_AVAILABILITY = YES_AGGRESSIVE;
				CLANG_WARN_UNREACHABLE_CODE = YES;
				CLANG_WARN__DUPLICATE_METHOD_MATCH = YES;
				COPY_PHASE_STRIP = NO;
				DEBUG_INFORMATION_FORMAT = dwarf;
				ENABLE_STRICT_OBJC_MSGSEND = YES;
				ENABLE_TESTABILITY = YES;
				GCC_C_LANGUAGE_STANDARD = gnu11;
				GCC_DYNAMIC_NO_PIC = NO;
				GCC_NO_COMMON_BLOCKS = YES;
				GCC_OPTIMIZATION_LEVEL = 0;
				GCC_PREPROCESSOR_DEFINITIONS = (
					"DEBUG=1",
					"$(inherited)",
				);
				GCC_WARN_64_TO_32_BIT_CONVERSION = YES;
				GCC_WARN_ABOUT_RETURN_TYPE = YES_ERROR;
				GCC_WARN_UNDECLARED_SELECTOR = YES;
				GCC_WARN_UNINITIALIZED_AUTOS = YES_AGGRESSIVE;
				GCC_WARN_UNUSED_FUNCTION = YES;
				GCC_WARN_UNUSED_VARIABLE = YES;
				IPHONEOS_DEPLOYMENT_TARGET = 13.0;
				MTL_ENABLE_DEBUG_INFO = INCLUDE_SOURCE;
				MTL_FAST_MATH = YES;
				ONLY_ACTIVE_ARCH = YES;
				SDKROOT = iphoneos;
				SWIFT_ACTIVE_COMPILATION_CONDITIONS = DEBUG;
				SWIFT_OPTIMIZATION_LEVEL = "-Onone";
			};
			name = Debug;
		};
		1E677F62287FF75B00C822EE /* Release */ = {
			isa = XCBuildConfiguration;
			buildSettings = {
				ALWAYS_SEARCH_USER_PATHS = NO;
				CLANG_ANALYZER_NONNULL = YES;
				CLANG_ANALYZER_NUMBER_OBJECT_CONVERSION = YES_AGGRESSIVE;
				CLANG_CXX_LANGUAGE_STANDARD = "gnu++17";
				CLANG_ENABLE_MODULES = YES;
				CLANG_ENABLE_OBJC_ARC = YES;
				CLANG_ENABLE_OBJC_WEAK = YES;
				CLANG_WARN_BLOCK_CAPTURE_AUTORELEASING = YES;
				CLANG_WARN_BOOL_CONVERSION = YES;
				CLANG_WARN_COMMA = YES;
				CLANG_WARN_CONSTANT_CONVERSION = YES;
				CLANG_WARN_DEPRECATED_OBJC_IMPLEMENTATIONS = YES;
				CLANG_WARN_DIRECT_OBJC_ISA_USAGE = YES_ERROR;
				CLANG_WARN_DOCUMENTATION_COMMENTS = YES;
				CLANG_WARN_EMPTY_BODY = YES;
				CLANG_WARN_ENUM_CONVERSION = YES;
				CLANG_WARN_INFINITE_RECURSION = YES;
				CLANG_WARN_INT_CONVERSION = YES;
				CLANG_WARN_NON_LITERAL_NULL_CONVERSION = YES;
				CLANG_WARN_OBJC_IMPLICIT_RETAIN_SELF = YES;
				CLANG_WARN_OBJC_LITERAL_CONVERSION = YES;
				CLANG_WARN_OBJC_ROOT_CLASS = YES_ERROR;
				CLANG_WARN_QUOTED_INCLUDE_IN_FRAMEWORK_HEADER = YES;
				CLANG_WARN_RANGE_LOOP_ANALYSIS = YES;
				CLANG_WARN_STRICT_PROTOTYPES = YES;
				CLANG_WARN_SUSPICIOUS_MOVE = YES;
				CLANG_WARN_UNGUARDED_AVAILABILITY = YES_AGGRESSIVE;
				CLANG_WARN_UNREACHABLE_CODE = YES;
				CLANG_WARN__DUPLICATE_METHOD_MATCH = YES;
				COPY_PHASE_STRIP = NO;
				DEBUG_INFORMATION_FORMAT = "dwarf-with-dsym";
				ENABLE_NS_ASSERTIONS = NO;
				ENABLE_STRICT_OBJC_MSGSEND = YES;
				GCC_C_LANGUAGE_STANDARD = gnu11;
				GCC_NO_COMMON_BLOCKS = YES;
				GCC_WARN_64_TO_32_BIT_CONVERSION = YES;
				GCC_WARN_ABOUT_RETURN_TYPE = YES_ERROR;
				GCC_WARN_UNDECLARED_SELECTOR = YES;
				GCC_WARN_UNINITIALIZED_AUTOS = YES_AGGRESSIVE;
				GCC_WARN_UNUSED_FUNCTION = YES;
				GCC_WARN_UNUSED_VARIABLE = YES;
				IPHONEOS_DEPLOYMENT_TARGET = 13.0;
				MTL_ENABLE_DEBUG_INFO = NO;
				MTL_FAST_MATH = YES;
				SDKROOT = iphoneos;
				SWIFT_COMPILATION_MODE = wholemodule;
				SWIFT_OPTIMIZATION_LEVEL = "-O";
				VALIDATE_PRODUCT = YES;
			};
			name = Release;
		};
		1E677F64287FF75B00C822EE /* Debug */ = {
			isa = XCBuildConfiguration;
			buildSettings = {
				ASSETCATALOG_COMPILER_APPICON_NAME = AppIcon;
				ASSETCATALOG_COMPILER_GLOBAL_ACCENT_COLOR_NAME = AccentColor;
				CODE_SIGN_STYLE = Automatic;
				CURRENT_PROJECT_VERSION = 1;
				DEVELOPMENT_TEAM = MPN6WL3W3U;
				GENERATE_INFOPLIST_FILE = YES;
				INFOPLIST_FILE = MusinsaAssignmentApp/Info.plist;
				INFOPLIST_KEY_UIApplicationSupportsIndirectInputEvents = YES;
				INFOPLIST_KEY_UILaunchStoryboardName = LaunchScreen;
				INFOPLIST_KEY_UISupportedInterfaceOrientations_iPad = "UIInterfaceOrientationPortrait UIInterfaceOrientationPortraitUpsideDown UIInterfaceOrientationLandscapeLeft UIInterfaceOrientationLandscapeRight";
				INFOPLIST_KEY_UISupportedInterfaceOrientations_iPhone = "UIInterfaceOrientationPortrait UIInterfaceOrientationLandscapeLeft UIInterfaceOrientationLandscapeRight";
				IPHONEOS_DEPLOYMENT_TARGET = 15.0;
				LD_RUNPATH_SEARCH_PATHS = (
					"$(inherited)",
					"@executable_path/Frameworks",
				);
				MARKETING_VERSION = 1.0;
				PRODUCT_BUNDLE_IDENTIFIER = com.sanghyeok.test.MusinsaAssignmentApp;
				PRODUCT_NAME = "$(TARGET_NAME)";
				SWIFT_EMIT_LOC_STRINGS = YES;
				SWIFT_VERSION = 5.0;
				TARGETED_DEVICE_FAMILY = "1,2";
			};
			name = Debug;
		};
		1E677F65287FF75B00C822EE /* Release */ = {
			isa = XCBuildConfiguration;
			buildSettings = {
				ASSETCATALOG_COMPILER_APPICON_NAME = AppIcon;
				ASSETCATALOG_COMPILER_GLOBAL_ACCENT_COLOR_NAME = AccentColor;
				CODE_SIGN_STYLE = Automatic;
				CURRENT_PROJECT_VERSION = 1;
				DEVELOPMENT_TEAM = MPN6WL3W3U;
				GENERATE_INFOPLIST_FILE = YES;
				INFOPLIST_FILE = MusinsaAssignmentApp/Info.plist;
				INFOPLIST_KEY_UIApplicationSupportsIndirectInputEvents = YES;
				INFOPLIST_KEY_UILaunchStoryboardName = LaunchScreen;
				INFOPLIST_KEY_UISupportedInterfaceOrientations_iPad = "UIInterfaceOrientationPortrait UIInterfaceOrientationPortraitUpsideDown UIInterfaceOrientationLandscapeLeft UIInterfaceOrientationLandscapeRight";
				INFOPLIST_KEY_UISupportedInterfaceOrientations_iPhone = "UIInterfaceOrientationPortrait UIInterfaceOrientationLandscapeLeft UIInterfaceOrientationLandscapeRight";
				IPHONEOS_DEPLOYMENT_TARGET = 15.0;
				LD_RUNPATH_SEARCH_PATHS = (
					"$(inherited)",
					"@executable_path/Frameworks",
				);
				MARKETING_VERSION = 1.0;
				PRODUCT_BUNDLE_IDENTIFIER = com.sanghyeok.test.MusinsaAssignmentApp;
				PRODUCT_NAME = "$(TARGET_NAME)";
				SWIFT_EMIT_LOC_STRINGS = YES;
				SWIFT_VERSION = 5.0;
				TARGETED_DEVICE_FAMILY = "1,2";
			};
			name = Release;
		};
		1E677F67287FF75B00C822EE /* Debug */ = {
			isa = XCBuildConfiguration;
			buildSettings = {
				ALWAYS_EMBED_SWIFT_STANDARD_LIBRARIES = YES;
				BUNDLE_LOADER = "$(TEST_HOST)";
				CODE_SIGN_STYLE = Automatic;
				CURRENT_PROJECT_VERSION = 1;
				DEVELOPMENT_TEAM = MPN6WL3W3U;
				GENERATE_INFOPLIST_FILE = YES;
				IPHONEOS_DEPLOYMENT_TARGET = 15.5;
				MARKETING_VERSION = 1.0;
				PRODUCT_BUNDLE_IDENTIFIER = com.sanghyeok.test.MusinsaAssignmentAppTests;
				PRODUCT_NAME = "$(TARGET_NAME)";
				SWIFT_EMIT_LOC_STRINGS = NO;
				SWIFT_VERSION = 5.0;
				TARGETED_DEVICE_FAMILY = "1,2";
				TEST_HOST = "$(BUILT_PRODUCTS_DIR)/MusinsaAssignmentApp.app/MusinsaAssignmentApp";
			};
			name = Debug;
		};
		1E677F68287FF75B00C822EE /* Release */ = {
			isa = XCBuildConfiguration;
			buildSettings = {
				ALWAYS_EMBED_SWIFT_STANDARD_LIBRARIES = YES;
				BUNDLE_LOADER = "$(TEST_HOST)";
				CODE_SIGN_STYLE = Automatic;
				CURRENT_PROJECT_VERSION = 1;
				DEVELOPMENT_TEAM = MPN6WL3W3U;
				GENERATE_INFOPLIST_FILE = YES;
				IPHONEOS_DEPLOYMENT_TARGET = 15.5;
				MARKETING_VERSION = 1.0;
				PRODUCT_BUNDLE_IDENTIFIER = com.sanghyeok.test.MusinsaAssignmentAppTests;
				PRODUCT_NAME = "$(TARGET_NAME)";
				SWIFT_EMIT_LOC_STRINGS = NO;
				SWIFT_VERSION = 5.0;
				TARGETED_DEVICE_FAMILY = "1,2";
				TEST_HOST = "$(BUILT_PRODUCTS_DIR)/MusinsaAssignmentApp.app/MusinsaAssignmentApp";
			};
			name = Release;
		};
		1E677F6A287FF75B00C822EE /* Debug */ = {
			isa = XCBuildConfiguration;
			buildSettings = {
				ALWAYS_EMBED_SWIFT_STANDARD_LIBRARIES = YES;
				CODE_SIGN_STYLE = Automatic;
				CURRENT_PROJECT_VERSION = 1;
				DEVELOPMENT_TEAM = MPN6WL3W3U;
				GENERATE_INFOPLIST_FILE = YES;
				MARKETING_VERSION = 1.0;
				PRODUCT_BUNDLE_IDENTIFIER = com.sanghyeok.test.MusinsaAssignmentAppUITests;
				PRODUCT_NAME = "$(TARGET_NAME)";
				SWIFT_EMIT_LOC_STRINGS = NO;
				SWIFT_VERSION = 5.0;
				TARGETED_DEVICE_FAMILY = "1,2";
				TEST_TARGET_NAME = MusinsaAssignmentApp;
			};
			name = Debug;
		};
		1E677F6B287FF75B00C822EE /* Release */ = {
			isa = XCBuildConfiguration;
			buildSettings = {
				ALWAYS_EMBED_SWIFT_STANDARD_LIBRARIES = YES;
				CODE_SIGN_STYLE = Automatic;
				CURRENT_PROJECT_VERSION = 1;
				DEVELOPMENT_TEAM = MPN6WL3W3U;
				GENERATE_INFOPLIST_FILE = YES;
				MARKETING_VERSION = 1.0;
				PRODUCT_BUNDLE_IDENTIFIER = com.sanghyeok.test.MusinsaAssignmentAppUITests;
				PRODUCT_NAME = "$(TARGET_NAME)";
				SWIFT_EMIT_LOC_STRINGS = NO;
				SWIFT_VERSION = 5.0;
				TARGETED_DEVICE_FAMILY = "1,2";
				TEST_TARGET_NAME = MusinsaAssignmentApp;
			};
			name = Release;
		};
/* End XCBuildConfiguration section */

/* Begin XCConfigurationList section */
		1E677F34287FF75A00C822EE /* Build configuration list for PBXProject "MusinsaAssignmentApp" */ = {
			isa = XCConfigurationList;
			buildConfigurations = (
				1E677F61287FF75B00C822EE /* Debug */,
				1E677F62287FF75B00C822EE /* Release */,
			);
			defaultConfigurationIsVisible = 0;
			defaultConfigurationName = Release;
		};
		1E677F63287FF75B00C822EE /* Build configuration list for PBXNativeTarget "MusinsaAssignmentApp" */ = {
			isa = XCConfigurationList;
			buildConfigurations = (
				1E677F64287FF75B00C822EE /* Debug */,
				1E677F65287FF75B00C822EE /* Release */,
			);
			defaultConfigurationIsVisible = 0;
			defaultConfigurationName = Release;
		};
		1E677F66287FF75B00C822EE /* Build configuration list for PBXNativeTarget "MusinsaAssignmentAppTests" */ = {
			isa = XCConfigurationList;
			buildConfigurations = (
				1E677F67287FF75B00C822EE /* Debug */,
				1E677F68287FF75B00C822EE /* Release */,
			);
			defaultConfigurationIsVisible = 0;
			defaultConfigurationName = Release;
		};
		1E677F69287FF75B00C822EE /* Build configuration list for PBXNativeTarget "MusinsaAssignmentAppUITests" */ = {
			isa = XCConfigurationList;
			buildConfigurations = (
				1E677F6A287FF75B00C822EE /* Debug */,
				1E677F6B287FF75B00C822EE /* Release */,
			);
			defaultConfigurationIsVisible = 0;
			defaultConfigurationName = Release;
		};
/* End XCConfigurationList section */
	};
	rootObject = 1E677F31287FF75A00C822EE /* Project object */;
}
